
Microsoft Visual Studio Solution File, Format Version 12.00
# Visual Studio Version 16
VisualStudioVersion = 16.0.30204.135
MinimumVisualStudioVersion = 10.0.40219.1
Project("{FAE04EC0-301F-11D3-BF4B-00C04F79EFBC}") = "thuvien", "thuvien\thuvien.csproj", "{2B976F6C-FE4B-49AA-B306-0BCDEF0F9AD3}"
EndProject
Global
	GlobalSection(SolutionConfigurationPlatforms) = preSolution
		Debug|Any CPU = Debug|Any CPU
		Release|Any CPU = Release|Any CPU
	EndGlobalSection
	GlobalSection(ProjectConfigurationPlatforms) = postSolution
		{2B976F6C-FE4B-49AA-B306-0BCDEF0F9AD3}.Debug|Any CPU.ActiveCfg = Debug|Any CPU
		{2B976F6C-FE4B-49AA-B306-0BCDEF0F9AD3}.Debug|Any CPU.Build.0 = Debug|Any CPU
		{2B976F6C-FE4B-49AA-B306-0BCDEF0F9AD3}.Release|Any CPU.ActiveCfg = Release|Any CPU
		{2B976F6C-FE4B-49AA-B306-0BCDEF0F9AD3}.Release|Any CPU.Build.0 = Release|Any CPU
	EndGlobalSection
	GlobalSection(SolutionProperties) = preSolution
		HideSolutionNode = FALSE
	EndGlobalSection
	GlobalSection(ExtensibilityGlobals) = postSolution
		SolutionGuid = {5D0AF8CE-9357-40BC-BC30-196CD11C948D}
	EndGlobalSection
EndGlobal
